{
  "requires": true,
  "lockfileVersion": 1,
  "dependencies": {
    "vuex-module-decorators": {
      "version": "0.16.1",
      "resolved": "https://registry.npmjs.org/vuex-module-decorators/-/vuex-module-decorators-0.16.1.tgz",
      "integrity": "sha512-Zz8HF2rMoDYf78uOBbWCq8wGFFo7YyNWc10Yj2eScKxVoRMla9HnFpiqvI3Dm0cLyOnBBklCn1AFUys62BZGAw=="
    }
  }
}
